{
  "requires": true,
  "lockfileVersion": 1,
  "dependencies": {
    "bower": {
      "version": "1.8.4",
      "resolved": "https://registry.npmjs.org/bower/-/bower-1.8.4.tgz",
      "integrity": "sha1-54dqB23rgTf30GUl3F6MZtuC8oo="
    },
    "countimer": {
      "version": "1.0.1",
      "resolved": "https://registry.npmjs.org/countimer/-/countimer-1.0.1.tgz",
      "integrity": "sha1-S96j42FuyXc0BR8J7/LHDIIgINM="
    },
    "moment": {
      "version": "2.22.2",
      "resolved": "https://registry.npmjs.org/moment/-/moment-2.22.2.tgz",
      "integrity": "sha1-PCV/mDn8DpP/UxSWMiOeuQeD/2Y="
    }
  }
}
